
Microsoft Visual Studio Solution File, Format Version 12.00
# Visual Studio 2012
Project("{FAE04EC0-301F-11D3-BF4B-00C04F79EFBC}") = "REC_ENDE_Ej5", "REC_ENDE_Ej5\REC_ENDE_Ej5.csproj", "{AE3D2177-6CB9-4ECE-B11F-5135E02146CD}"
EndProject
Global
	GlobalSection(SolutionConfigurationPlatforms) = preSolution
		Debug|Any CPU = Debug|Any CPU
		Release|Any CPU = Release|Any CPU
	EndGlobalSection
	GlobalSection(ProjectConfigurationPlatforms) = postSolution
		{AE3D2177-6CB9-4ECE-B11F-5135E02146CD}.Debug|Any CPU.ActiveCfg = Debug|Any CPU
		{AE3D2177-6CB9-4ECE-B11F-5135E02146CD}.Debug|Any CPU.Build.0 = Debug|Any CPU
		{AE3D2177-6CB9-4ECE-B11F-5135E02146CD}.Release|Any CPU.ActiveCfg = Release|Any CPU
		{AE3D2177-6CB9-4ECE-B11F-5135E02146CD}.Release|Any CPU.Build.0 = Release|Any CPU
	EndGlobalSection
	GlobalSection(SolutionProperties) = preSolution
		HideSolutionNode = FALSE
	EndGlobalSection
EndGlobal
